{
  "name": "croner",
  "version": "1.0.0",
  "lockfileVersion": 3,
  "requires": true,
  "packages": {
    "": {
      "name": "croner",
      "version": "1.0.0",
      "license": "ISC",
      "dependencies": {
        "croner": "^7.0.1"
      }
    },
    "node_modules/croner": {
      "version": "7.0.1",
      "resolved": "https://registry.npmjs.org/croner/-/croner-7.0.1.tgz",
      "integrity": "sha512-G2w4l4ZRwvfUBSUaBXqOS0xtsHpIGsROuOYqLxkV9VWfU7O6ZRuEncvxx08a8vAbKVc3WFD3/rxIFBGfg6Sbww==",
      "engines": {
        "node": ">=6.0"
      }
    }
  }
}
